
Microsoft Visual Studio Solution File, Format Version 12.00
# Visual Studio Version 17
VisualStudioVersion = 17.9.34714.143
MinimumVisualStudioVersion = 10.0.40219.1
Project("{FAE04EC0-301F-11D3-BF4B-00C04F79EFBC}") = "Hastane_Projesi", "Hastane_Projesi\Hastane_Projesi.csproj", "{CEADD3A1-5BC2-4BDB-A765-702BCDBFDABB}"
EndProject
Global
	GlobalSection(SolutionConfigurationPlatforms) = preSolution
		Debug|Any CPU = Debug|Any CPU
		Release|Any CPU = Release|Any CPU
	EndGlobalSection
	GlobalSection(ProjectConfigurationPlatforms) = postSolution
		{CEADD3A1-5BC2-4BDB-A765-702BCDBFDABB}.Debug|Any CPU.ActiveCfg = Debug|Any CPU
		{CEADD3A1-5BC2-4BDB-A765-702BCDBFDABB}.Debug|Any CPU.Build.0 = Debug|Any CPU
		{CEADD3A1-5BC2-4BDB-A765-702BCDBFDABB}.Release|Any CPU.ActiveCfg = Release|Any CPU
		{CEADD3A1-5BC2-4BDB-A765-702BCDBFDABB}.Release|Any CPU.Build.0 = Release|Any CPU
	EndGlobalSection
	GlobalSection(SolutionProperties) = preSolution
		HideSolutionNode = FALSE
	EndGlobalSection
	GlobalSection(ExtensibilityGlobals) = postSolution
		SolutionGuid = {EAD5DFC1-811A-4F03-BF9A-EE9B5BB8F408}
	EndGlobalSection
EndGlobal
